{
  "nodes": {
    "bootstrap-icons": {
      "flake": false,
      "locked": {
        "narHash": "sha256-oK+5EAmZeQLqpJoZY4j/yuemD1PJxmFHCfLcOC/or7o=",
        "type": "tarball",
        "url": "https://github.com/twbs/icons/releases/download/v1.5.0/bootstrap-icons-1.5.0.zip"
      },
      "original": {
        "type": "tarball",
        "url": "https://github.com/twbs/icons/releases/download/v1.5.0/bootstrap-icons-1.5.0.zip"
      }
    },
    "bootstrapsrc": {
      "flake": false,
      "locked": {
        "narHash": "sha256-6K07i6pEMrgGyWul1Pa3spfe2x2nASB6up1fM6wtR9Y=",
        "type": "tarball",
        "url": "https://github.com/twbs/bootstrap/archive/v5.0.2.zip"
      },
      "original": {
        "type": "tarball",
        "url": "https://github.com/twbs/bootstrap/archive/v5.0.2.zip"
      }
    },
    "flake-utils": {
      "locked": {
        "lastModified": 1659877975,
        "narHash": "sha256-zllb8aq3YO3h8B/U0/J1WBgAL8EX5yWf5pMj3G0NAmc=",
        "owner": "numtide",
        "repo": "flake-utils",
        "rev": "c0e246b9b83f637f4681389ecabcb2681b4f3af0",
        "type": "github"
      },
      "original": {
        "owner": "numtide",
        "repo": "flake-utils",
        "type": "github"
      }
    },
    "nixpkgs": {
      "locked": {
        "lastModified": 1670681895,
        "narHash": "sha256-kZH9DSU36W4fn1z81a/24JCGkU517TcY50VE0RFJ9k4=",
        "owner": "NixOS",
        "repo": "nixpkgs",
        "rev": "f82f0ec1b70b2879c3f3d9a1015a05c73a90a17c",
        "type": "github"
      },
      "original": {
        "owner": "NixOS",
        "ref": "nixpkgs-unstable",
        "repo": "nixpkgs",
        "type": "github"
      }
    },
    "npmlock2nix": {
      "flake": false,
      "locked": {
        "lastModified": 1666460237,
        "narHash": "sha256-HME6rnysvCwUVtH+BDWDGahmweMaLgD2wqHeRuGp6QI=",
        "owner": "nix-community",
        "repo": "npmlock2nix",
        "rev": "eeed152290ec2425f96c5e74e469c40b621e1468",
        "type": "github"
      },
      "original": {
        "owner": "nix-community",
        "repo": "npmlock2nix",
        "type": "github"
      }
    },
    "root": {
      "inputs": {
        "bootstrap-icons": "bootstrap-icons",
        "bootstrapsrc": "bootstrapsrc",
        "flake-utils": "flake-utils",
        "nixpkgs": "nixpkgs",
        "npmlock2nix": "npmlock2nix"
      }
    }
  },
  "root": "root",
  "version": 7
}
