{
  "nodes": {
    "bootstrap": {
      "flake": false,
      "locked": {
        "narHash": "sha256-HcOmcVvA/MAmd4ZffjGuP4ytboEWpUZVYv38SHKJEp0=",
        "type": "tarball",
        "url": "https://github.com/twbs/bootstrap/releases/download/v5.0.1/bootstrap-5.0.1-dist.zip"
      },
      "original": {
        "type": "tarball",
        "url": "https://github.com/twbs/bootstrap/releases/download/v5.0.1/bootstrap-5.0.1-dist.zip"
      }
    },
    "bootstrap-icons": {
      "flake": false,
      "locked": {
        "narHash": "sha256-oK+5EAmZeQLqpJoZY4j/yuemD1PJxmFHCfLcOC/or7o=",
        "type": "tarball",
        "url": "https://github.com/twbs/icons/releases/download/v1.5.0/bootstrap-icons-1.5.0.zip"
      },
      "original": {
        "type": "tarball",
        "url": "https://github.com/twbs/icons/releases/download/v1.5.0/bootstrap-icons-1.5.0.zip"
      }
    },
    "bootstrapsrc": {
      "flake": false,
      "locked": {
        "narHash": "sha256-6K07i6pEMrgGyWul1Pa3spfe2x2nASB6up1fM6wtR9Y=",
        "type": "tarball",
        "url": "https://github.com/twbs/bootstrap/archive/v5.0.2.zip"
      },
      "original": {
        "type": "tarball",
        "url": "https://github.com/twbs/bootstrap/archive/v5.0.2.zip"
      }
    },
    "deploy-rs": {
      "inputs": {
        "flake-compat": "flake-compat",
        "naersk": "naersk",
        "nixpkgs": "nixpkgs",
        "utils": "utils"
      },
      "locked": {
        "lastModified": 1624363081,
        "narHash": "sha256-jZiWS/UZ/G9jvPQIhck4+BrOB6fni0sx9cHptwV9Rgs=",
        "owner": "serokell",
        "repo": "deploy-rs",
        "rev": "0fc8dea27a70f07e0dec37037603bb24bcba64ba",
        "type": "github"
      },
      "original": {
        "owner": "serokell",
        "repo": "deploy-rs",
        "type": "github"
      }
    },
    "flake-compat": {
      "flake": false,
      "locked": {
        "lastModified": 1606424373,
        "narHash": "sha256-oq8d4//CJOrVj+EcOaSXvMebvuTkmBJuT5tzlfewUnQ=",
        "owner": "edolstra",
        "repo": "flake-compat",
        "rev": "99f1c2157fba4bfe6211a321fd0ee43199025dbf",
        "type": "github"
      },
      "original": {
        "owner": "edolstra",
        "repo": "flake-compat",
        "type": "github"
      }
    },
    "flake-utils": {
      "locked": {
        "lastModified": 1623875721,
        "narHash": "sha256-A8BU7bjS5GirpAUv4QA+QnJ4CceLHkcXdRp4xITDB0s=",
        "owner": "numtide",
        "repo": "flake-utils",
        "rev": "f7e004a55b120c02ecb6219596820fcd32ca8772",
        "type": "github"
      },
      "original": {
        "owner": "numtide",
        "repo": "flake-utils",
        "type": "github"
      }
    },
    "litestream-src": {
      "flake": false,
      "locked": {
        "lastModified": 1619272310,
        "narHash": "sha256-Z3fZ6NorLSUC10xVnz9Qy/CPpZ7WfL00Tjlqv+rrfsc=",
        "owner": "benbjohnson",
        "repo": "litestream",
        "rev": "2e3dda89ad5927d09fc76c5438dac88623cb666d",
        "type": "github"
      },
      "original": {
        "owner": "benbjohnson",
        "ref": "v0.3.4",
        "repo": "litestream",
        "type": "github"
      }
    },
    "naersk": {
      "inputs": {
        "nixpkgs": [
          "nixpkgs"
        ]
      },
      "locked": {
        "lastModified": 1622810282,
        "narHash": "sha256-4wmvM3/xfD0hCdNDIXVzRMfL4yB1J+DjH6Zte2xbAxk=",
        "owner": "nmattia",
        "repo": "naersk",
        "rev": "e8061169e1495871b56be97c5c51d310fae01374",
        "type": "github"
      },
      "original": {
        "owner": "nmattia",
        "ref": "master",
        "repo": "naersk",
        "type": "github"
      }
    },
    "nixpkgs": {
      "locked": {
        "lastModified": 1622972307,
        "narHash": "sha256-ENOu0FPCf95iLLoq2txhJtnA2ZpOFhIVBqQVbKM8ra0=",
        "owner": "NixOS",
        "repo": "nixpkgs",
        "rev": "d8eb97e3801bde96491535f40483d550b57605b9",
        "type": "github"
      },
      "original": {
        "owner": "NixOS",
        "ref": "nixpkgs-unstable",
        "repo": "nixpkgs",
        "type": "github"
      }
    },
    "nixpkgs-20-09": {
      "locked": {
        "lastModified": 1624361040,
        "narHash": "sha256-VMovD7IrT4UUWH8vV8RP7N1gLLiL4V0w9gChV1rMTlM=",
        "owner": "NixOS",
        "repo": "nixpkgs",
        "rev": "d6a5be86b6adf99d0c853331460c6736785bfaaf",
        "type": "github"
      },
      "original": {
        "owner": "NixOS",
        "ref": "nixos-20.09",
        "repo": "nixpkgs",
        "type": "github"
      }
    },
    "nixpkgs_2": {
      "locked": {
        "lastModified": 1624353498,
        "narHash": "sha256-Edpj+fDbn9p9TSiDDXEUxUk9j12imolnjSzZutXhGG4=",
        "owner": "NixOS",
        "repo": "nixpkgs",
        "rev": "b27eaa18b47b77fbbf9f3bd7a17046b2d64b637b",
        "type": "github"
      },
      "original": {
        "owner": "NixOS",
        "ref": "nixpkgs-unstable",
        "repo": "nixpkgs",
        "type": "github"
      }
    },
    "nixpkgs_3": {
      "locked": {
        "lastModified": 1613917044,
        "narHash": "sha256-YvBBwtvrnove51SXQ67OVQHctYjEEpFu6GEzRe0pp5I=",
        "owner": "NixOS",
        "repo": "nixpkgs",
        "rev": "aed173ff9707387b238c1c7e143152ca9d8878e9",
        "type": "github"
      },
      "original": {
        "owner": "NixOS",
        "ref": "nixpkgs-unstable",
        "repo": "nixpkgs",
        "type": "github"
      }
    },
    "root": {
      "inputs": {
        "bootstrap": "bootstrap",
        "bootstrap-icons": "bootstrap-icons",
        "bootstrapsrc": "bootstrapsrc",
        "deploy-rs": "deploy-rs",
        "flake-utils": "flake-utils",
        "litestream-src": "litestream-src",
        "nixpkgs": "nixpkgs_2",
        "nixpkgs-20-09": "nixpkgs-20-09",
        "sops-nix": "sops-nix",
        "spago2nix": "spago2nix"
      }
    },
    "sops-nix": {
      "inputs": {
        "nixpkgs": "nixpkgs_3"
      },
      "locked": {
        "lastModified": 1622915462,
        "narHash": "sha256-Hr/DVKUnQt3BTR3o4vzux1Ed1mciKZOrCRWuwORzt4Y=",
        "owner": "Mic92",
        "repo": "sops-nix",
        "rev": "7918c59b392f23665c0b726d4c640d14be4b0b8b",
        "type": "github"
      },
      "original": {
        "owner": "Mic92",
        "repo": "sops-nix",
        "type": "github"
      }
    },
    "spago2nix": {
      "flake": false,
      "locked": {
        "lastModified": 1620480713,
        "narHash": "sha256-gvewQhhrK9FODgFWVMxZ//gsXB/O7/D7mY7D1PG/9ew=",
        "owner": "justinwoo",
        "repo": "spago2nix",
        "rev": "a4622c3b27fca47e3276131a8ec4097a1d3c78a7",
        "type": "github"
      },
      "original": {
        "owner": "justinwoo",
        "ref": "master",
        "repo": "spago2nix",
        "type": "github"
      }
    },
    "utils": {
      "locked": {
        "lastModified": 1622445595,
        "narHash": "sha256-m+JRe6Wc5OZ/mKw2bB3+Tl0ZbtyxxxfnAWln8Q5qs+Y=",
        "owner": "numtide",
        "repo": "flake-utils",
        "rev": "7d706970d94bc5559077eb1a6600afddcd25a7c8",
        "type": "github"
      },
      "original": {
        "owner": "numtide",
        "repo": "flake-utils",
        "type": "github"
      }
    }
  },
  "root": "root",
  "version": 7
}
